// !$*UTF8*$!
{
	archiveVersion = 1;
	classes = {
	};
	objectVersion = 63;
	objects = {

/* Begin PBXBuildFile section */
		A1234567890123456789001 /* KidsScheduleAppApp.swift in Sources */ = {isa = PBXBuildFile; fileRef = A1234567890123456789002 /* KidsScheduleAppApp.swift */; };
		A1234567890123456789003 /* ContentView.swift in Sources */ = {isa = PBXBuildFile; fileRef = A1234567890123456789004 /* ContentView.swift */; };
		A1234567890123456789005 /* Assets.xcassets in Resources */ = {isa = PBXBuildFile; fileRef = A1234567890123456789006 /* Assets.xcassets */; };
		A1234567890123456789007 /* Preview Assets.xcassets in Resources */ = {isa = PBXBuildFile; fileRef = A1234567890123456789008 /* Preview Assets.xcassets */; };
		A1234567890123456789009 /* DataModel.xcdatamodeld in Sources */ = {isa = PBXBuildFile; fileRef = A1234567890123456789010 /* DataModel.xcdatamodeld */; };
		A1234567890123456789028 /* AddTaskView.swift in Sources */ = {isa = PBXBuildFile; fileRef = A1234567890123456789029 /* AddTaskView.swift */; };
		A1234567890123456789030 /* PomodoroView.swift in Sources */ = {isa = PBXBuildFile; fileRef = A1234567890123456789031 /* PomodoroView.swift */; };
		A1234567890123456789032 /* SpeechRecognitionManager.swift in Sources */ = {isa = PBXBuildFile; fileRef = A1234567890123456789033 /* SpeechRecognitionManager.swift */; };
		A1234567890123456789034 /* VoiceInputButton.swift in Sources */ = {isa = PBXBuildFile; fileRef = A1234567890123456789035 /* VoiceInputButton.swift */; };
		A1234567890123456789037 /* CalendarView.swift in Sources */ = {isa = PBXBuildFile; fileRef = A1234567890123456789038 /* CalendarView.swift */; };
		A1234567890123456789039 /* CalendarDayView.swift in Sources */ = {isa = PBXBuildFile; fileRef = A1234567890123456789040 /* CalendarDayView.swift */; };
		A1234567890123456789041 /* VoiceMemoView.swift in Sources */ = {isa = PBXBuildFile; fileRef = A1234567890123456789042 /* VoiceMemoView.swift */; };
		A1234567890123456789051 /* SettingsView.swift in Sources */ = {isa = PBXBuildFile; fileRef = A1234567890123456789052 /* SettingsView.swift */; };
		A1234567890123456789053 /* MySQLManager.swift in Sources */ = {isa = PBXBuildFile; fileRef = A1234567890123456789054 /* MySQLManager.swift */; };
		A1234567890123456789055 /* MySQLSyncManager.swift in Sources */ = {isa = PBXBuildFile; fileRef = A1234567890123456789056 /* MySQLSyncManager.swift */; };
		A1234567890123456789057 /* MySQLSyncStatusView.swift in Sources */ = {isa = PBXBuildFile; fileRef = A1234567890123456789058 /* MySQLSyncStatusView.swift */; };
		A35537242E77D21B00384D7C /* WebSocketManager.swift in Sources */ = {isa = PBXBuildFile; fileRef = A35537232E77D21B00384D7C /* WebSocketManager.swift */; };
		A35537262E77D25600384D7C /* WebSocketStatusView.swift in Sources */ = {isa = PBXBuildFile; fileRef = A35537252E77D25600384D7C /* WebSocketStatusView.swift */; };
		A35537282E77D25600384D7D /* WebSocketStatusBar.swift in Sources */ = {isa = PBXBuildFile; fileRef = A35537272E77D25600384D7D /* WebSocketStatusBar.swift */; };
		A35537292E77D25600384D7E /* WorkManager.swift in Sources */ = {isa = PBXBuildFile; fileRef = A35537282E77D25600384D7E /* WorkManager.swift */; };
		A35537302E77D25600384D7F /* WorkCenterView.swift in Sources */ = {isa = PBXBuildFile; fileRef = A35537292E77D25600384D7F /* WorkCenterView.swift */; };
		A35537312E77D25600384D80 /* WorkProgressUpdateView.swift in Sources */ = {isa = PBXBuildFile; fileRef = A35537302E77D25600384D80 /* WorkProgressUpdateView.swift */; };
		A35537322E77D25600384D81 /* DailyReportView.swift in Sources */ = {isa = PBXBuildFile; fileRef = A35537312E77D25600384D81 /* DailyReportView.swift */; };
		A35537352E77D25600384D84 /* WeeklyReportView.swift in Sources */ = {isa = PBXBuildFile; fileRef = A35537342E77D25600384D84 /* WeeklyReportView.swift */; };
		A35537332E77D25600384D82 /* TaskItem+Extensions.swift in Sources */ = {isa = PBXBuildFile; fileRef = A35537322E77D25600384D82 /* TaskItem+Extensions.swift */; };
		A35537342E77D25600384D83 /* WorkAnalyticsView.swift in Sources */ = {isa = PBXBuildFile; fileRef = A35537332E77D25600384D83 /* WorkAnalyticsView.swift */; };
/* End PBXBuildFile section */

/* Begin PBXFileReference section */
		A1234567890123456789002 /* KidsScheduleAppApp.swift */ = {isa = PBXFileReference; lastKnownFileType = sourcecode.swift; path = KidsScheduleAppApp.swift; sourceTree = "<group>"; };
		A1234567890123456789004 /* ContentView.swift */ = {isa = PBXFileReference; lastKnownFileType = sourcecode.swift; path = ContentView.swift; sourceTree = "<group>"; };
		A1234567890123456789006 /* Assets.xcassets */ = {isa = PBXFileReference; lastKnownFileType = folder.assetcatalog; path = Assets.xcassets; sourceTree = "<group>"; };
		A1234567890123456789008 /* Preview Assets.xcassets */ = {isa = PBXFileReference; lastKnownFileType = folder.assetcatalog; path = "Preview Assets.xcassets"; sourceTree = "<group>"; };
		A1234567890123456789011 /* KidsScheduleApp.app */ = {isa = PBXFileReference; explicitFileType = wrapper.application; includeInIndex = 0; path = KidsScheduleApp.app; sourceTree = BUILT_PRODUCTS_DIR; };
		A1234567890123456789012 /* DataModel.xcdatamodel */ = {isa = PBXFileReference; lastKnownFileType = wrapper.xcdatamodel; path = DataModel.xcdatamodel; sourceTree = "<group>"; };
		A1234567890123456789029 /* AddTaskView.swift */ = {isa = PBXFileReference; lastKnownFileType = sourcecode.swift; path = AddTaskView.swift; sourceTree = "<group>"; };
		A1234567890123456789031 /* PomodoroView.swift */ = {isa = PBXFileReference; lastKnownFileType = sourcecode.swift; path = PomodoroView.swift; sourceTree = "<group>"; };
		A1234567890123456789033 /* SpeechRecognitionManager.swift */ = {isa = PBXFileReference; lastKnownFileType = sourcecode.swift; path = SpeechRecognitionManager.swift; sourceTree = "<group>"; };
		A1234567890123456789035 /* VoiceInputButton.swift */ = {isa = PBXFileReference; lastKnownFileType = sourcecode.swift; path = VoiceInputButton.swift; sourceTree = "<group>"; };
		A1234567890123456789036 /* Info.plist */ = {isa = PBXFileReference; lastKnownFileType = text.plist.xml; path = Info.plist; sourceTree = "<group>"; };
		A1234567890123456789038 /* CalendarView.swift */ = {isa = PBXFileReference; lastKnownFileType = sourcecode.swift; path = CalendarView.swift; sourceTree = "<group>"; };
		A1234567890123456789040 /* CalendarDayView.swift */ = {isa = PBXFileReference; lastKnownFileType = sourcecode.swift; path = CalendarDayView.swift; sourceTree = "<group>"; };
		A1234567890123456789042 /* VoiceMemoView.swift */ = {isa = PBXFileReference; lastKnownFileType = sourcecode.swift; path = VoiceMemoView.swift; sourceTree = "<group>"; };
		A1234567890123456789052 /* SettingsView.swift */ = {isa = PBXFileReference; lastKnownFileType = sourcecode.swift; path = SettingsView.swift; sourceTree = "<group>"; };
		A1234567890123456789054 /* MySQLManager.swift */ = {isa = PBXFileReference; lastKnownFileType = sourcecode.swift; path = MySQLManager.swift; sourceTree = "<group>"; };
		A1234567890123456789056 /* MySQLSyncManager.swift */ = {isa = PBXFileReference; lastKnownFileType = sourcecode.swift; path = MySQLSyncManager.swift; sourceTree = "<group>"; };
		A1234567890123456789058 /* MySQLSyncStatusView.swift */ = {isa = PBXFileReference; lastKnownFileType = sourcecode.swift; path = MySQLSyncStatusView.swift; sourceTree = "<group>"; };
		A35537232E77D21B00384D7C /* WebSocketManager.swift */ = {isa = PBXFileReference; lastKnownFileType = sourcecode.swift; path = WebSocketManager.swift; sourceTree = "<group>"; };
		A35537252E77D25600384D7C /* WebSocketStatusView.swift */ = {isa = PBXFileReference; lastKnownFileType = sourcecode.swift; path = WebSocketStatusView.swift; sourceTree = "<group>"; };
		A35537272E77D25600384D7D /* WebSocketStatusBar.swift */ = {isa = PBXFileReference; lastKnownFileType = sourcecode.swift; path = WebSocketStatusBar.swift; sourceTree = "<group>"; };
		A35537282E77D25600384D7E /* WorkManager.swift */ = {isa = PBXFileReference; lastKnownFileType = sourcecode.swift; path = WorkManager.swift; sourceTree = "<group>"; };
		A35537292E77D25600384D7F /* WorkCenterView.swift */ = {isa = PBXFileReference; lastKnownFileType = sourcecode.swift; path = WorkCenterView.swift; sourceTree = "<group>"; };
		A35537302E77D25600384D80 /* WorkProgressUpdateView.swift */ = {isa = PBXFileReference; lastKnownFileType = sourcecode.swift; path = WorkProgressUpdateView.swift; sourceTree = "<group>"; };
		A35537312E77D25600384D81 /* DailyReportView.swift */ = {isa = PBXFileReference; lastKnownFileType = sourcecode.swift; path = DailyReportView.swift; sourceTree = "<group>"; };
		A35537342E77D25600384D84 /* WeeklyReportView.swift */ = {isa = PBXFileReference; lastKnownFileType = sourcecode.swift; path = WeeklyReportView.swift; sourceTree = "<group>"; };
		A35537322E77D25600384D82 /* TaskItem+Extensions.swift */ = {isa = PBXFileReference; lastKnownFileType = sourcecode.swift; path = "TaskItem+Extensions.swift"; sourceTree = "<group>"; };
		A35537332E77D25600384D83 /* WorkAnalyticsView.swift */ = {isa = PBXFileReference; lastKnownFileType = sourcecode.swift; path = WorkAnalyticsView.swift; sourceTree = "<group>"; };
/* End PBXFileReference section */

/* Begin PBXFrameworksBuildPhase section */
		A1234567890123456789013 /* Frameworks */ = {
			isa = PBXFrameworksBuildPhase;
			buildActionMask = 2147483647;
			files = (
			);
			runOnlyForDeploymentPostprocessing = 0;
		};
/* End PBXFrameworksBuildPhase section */

/* Begin PBXGroup section */
		A1234567890123456789014 = {
			isa = PBXGroup;
			children = (
				A1234567890123456789015 /* KidsScheduleApp */,
				A1234567890123456789016 /* Products */,
			);
			sourceTree = "<group>";
		};
		A1234567890123456789015 /* KidsScheduleApp */ = {
			isa = PBXGroup;
			children = (
				A1234567890123456789002 /* KidsScheduleAppApp.swift */,
				A1234567890123456789004 /* ContentView.swift */,
				A1234567890123456789029 /* AddTaskView.swift */,
				A1234567890123456789031 /* PomodoroView.swift */,
				A1234567890123456789033 /* SpeechRecognitionManager.swift */,
				A1234567890123456789035 /* VoiceInputButton.swift */,
				A1234567890123456789042 /* VoiceMemoView.swift */,
				A1234567890123456789038 /* CalendarView.swift */,
				A1234567890123456789040 /* CalendarDayView.swift */,
				A1234567890123456789052 /* SettingsView.swift */,
				A35537252E77D25600384D7C /* WebSocketStatusView.swift */,
				A35537272E77D25600384D7D /* WebSocketStatusBar.swift */,
				A35537232E77D21B00384D7C /* WebSocketManager.swift */,
				A35537282E77D25600384D7E /* WorkManager.swift */,
				A35537292E77D25600384D7F /* WorkCenterView.swift */,
				A35537302E77D25600384D80 /* WorkProgressUpdateView.swift */,
				A35537312E77D25600384D81 /* DailyReportView.swift */,
				A35537342E77D25600384D84 /* WeeklyReportView.swift */,
				A35537322E77D25600384D82 /* TaskItem+Extensions.swift */,
				A35537332E77D25600384D83 /* WorkAnalyticsView.swift */,
				A1234567890123456789036 /* Info.plist */,
				A1234567890123456789006 /* Assets.xcassets */,
				A1234567890123456789010 /* DataModel.xcdatamodeld */,
				A1234567890123456789017 /* Preview Content */,
			);
			path = KidsScheduleApp;
			sourceTree = "<group>";
		};
		A1234567890123456789016 /* Products */ = {
			isa = PBXGroup;
			children = (
				A1234567890123456789011 /* KidsScheduleApp.app */,
			);
			name = Products;
			sourceTree = "<group>";
		};
		A1234567890123456789017 /* Preview Content */ = {
			isa = PBXGroup;
			children = (
				A1234567890123456789008 /* Preview Assets.xcassets */,
			);
			path = "Preview Content";
			sourceTree = "<group>";
		};
/* End PBXGroup section */

/* Begin PBXNativeTarget section */
		A1234567890123456789018 /* KidsScheduleApp */ = {
			isa = PBXNativeTarget;
			buildConfigurationList = A1234567890123456789019 /* Build configuration list for PBXNativeTarget "KidsScheduleApp" */;
			buildPhases = (
				A1234567890123456789020 /* Sources */,
				A1234567890123456789013 /* Frameworks */,
				A1234567890123456789021 /* Resources */,
			);
			buildRules = (
			);
			dependencies = (
			);
			name = KidsScheduleApp;
			productName = KidsScheduleApp;
			productReference = A1234567890123456789011 /* KidsScheduleApp.app */;
			productType = "com.apple.product-type.application";
		};
/* End PBXNativeTarget section */

/* Begin PBXProject section */
		A1234567890123456789022 /* Project object */ = {
			isa = PBXProject;
			attributes = {
				BuildIndependentTargetsInParallel = 1;
				LastSwiftUpdateCheck = 1500;
				LastUpgradeCheck = 1500;
				TargetAttributes = {
					A1234567890123456789018 = {
						CreatedOnToolsVersion = 15.0;
					};
				};
			};
			buildConfigurationList = A1234567890123456789023 /* Build configuration list for PBXProject "KidsScheduleApp" */;
			compatibilityVersion = "Xcode 15.3";
			developmentRegion = en;
			hasScannedForEncodings = 0;
			knownRegions = (
				en,
				Base,
			);
			mainGroup = A1234567890123456789014;
			productRefGroup = A1234567890123456789016 /* Products */;
			projectDirPath = "";
			projectRoot = "";
			targets = (
				A1234567890123456789018 /* KidsScheduleApp */,
			);
		};
/* End PBXProject section */

/* Begin PBXResourcesBuildPhase section */
		A1234567890123456789021 /* Resources */ = {
			isa = PBXResourcesBuildPhase;
			buildActionMask = 2147483647;
			files = (
				A1234567890123456789007 /* Preview Assets.xcassets in Resources */,
				A1234567890123456789005 /* Assets.xcassets in Resources */,
			);
			runOnlyForDeploymentPostprocessing = 0;
		};
/* End PBXResourcesBuildPhase section */

/* Begin PBXSourcesBuildPhase section */
		A1234567890123456789020 /* Sources */ = {
			isa = PBXSourcesBuildPhase;
			buildActionMask = 2147483647;
			files = (
				A1234567890123456789009 /* DataModel.xcdatamodeld in Sources */,
				A1234567890123456789003 /* ContentView.swift in Sources */,
				A1234567890123456789028 /* AddTaskView.swift in Sources */,
				A1234567890123456789030 /* PomodoroView.swift in Sources */,
				A1234567890123456789032 /* SpeechRecognitionManager.swift in Sources */,
				A1234567890123456789034 /* VoiceInputButton.swift in Sources */,
				A1234567890123456789041 /* VoiceMemoView.swift in Sources */,
				A1234567890123456789037 /* CalendarView.swift in Sources */,
				A1234567890123456789039 /* CalendarDayView.swift in Sources */,
				A1234567890123456789051 /* SettingsView.swift in Sources */,
				A35537262E77D25600384D7C /* WebSocketStatusView.swift in Sources */,
				A35537282E77D25600384D7D /* WebSocketStatusBar.swift in Sources */,
				A35537242E77D21B00384D7C /* WebSocketManager.swift in Sources */,
				A35537292E77D25600384D7E /* WorkManager.swift in Sources */,
				A35537302E77D25600384D7F /* WorkCenterView.swift in Sources */,
				A35537312E77D25600384D80 /* WorkProgressUpdateView.swift in Sources */,
				A35537322E77D25600384D81 /* DailyReportView.swift in Sources */,
				A35537352E77D25600384D84 /* WeeklyReportView.swift in Sources */,
				A35537332E77D25600384D82 /* TaskItem+Extensions.swift in Sources */,
				A35537342E77D25600384D83 /* WorkAnalyticsView.swift in Sources */,
				A1234567890123456789001 /* KidsScheduleAppApp.swift in Sources */,
			);
			runOnlyForDeploymentPostprocessing = 0;
		};
/* End PBXSourcesBuildPhase section */

/* Begin XCBuildConfiguration section */
		A1234567890123456789024 /* Debug */ = {
			isa = XCBuildConfiguration;
			buildSettings = {
				ALWAYS_SEARCH_USER_PATHS = NO;
				ASSETCATALOG_COMPILER_GENERATE_SWIFT_ASSET_SYMBOL_EXTENSIONS = YES;
				CLANG_ANALYZER_NONNULL = YES;
				CLANG_ANALYZER_NUMBER_OBJECT_CONVERSION = YES_AGGRESSIVE;
				CLANG_CXX_LANGUAGE_STANDARD = "gnu++20";
				CLANG_ENABLE_MODULES = YES;
				CLANG_ENABLE_OBJC_ARC = YES;
				CLANG_ENABLE_OBJC_WEAK = YES;
				CLANG_WARN_BLOCK_CAPTURE_AUTORELEASING = YES;
				CLANG_WARN_BOOL_CONVERSION = YES;
				CLANG_WARN_COMMA = YES;
				CLANG_WARN_CONSTANT_CONVERSION = YES;
				CLANG_WARN_DEPRECATED_OBJC_IMPLEMENTATIONS = YES;
				CLANG_WARN_DIRECT_OBJC_ISA_USAGE = YES_ERROR;
				CLANG_WARN_DOCUMENTATION_COMMENTS = YES;
				CLANG_WARN_EMPTY_BODY = YES;
				CLANG_WARN_ENUM_CONVERSION = YES;
				CLANG_WARN_INFINITE_RECURSION = YES;
				CLANG_WARN_INT_CONVERSION = YES;
				CLANG_WARN_NON_LITERAL_NULL_CONVERSION = YES;
				CLANG_WARN_OBJC_IMPLICIT_RETAIN_SELF = YES;
				CLANG_WARN_OBJC_LITERAL_CONVERSION = YES;
				CLANG_WARN_OBJC_ROOT_CLASS = YES_ERROR;
				CLANG_WARN_QUOTED_INCLUDE_IN_FRAMEWORK_HEADER = YES;
				CLANG_WARN_RANGE_LOOP_ANALYSIS = YES;
				CLANG_WARN_STRICT_PROTOTYPES = YES;
				CLANG_WARN_SUSPICIOUS_MOVE = YES;
				CLANG_WARN_UNGUARDED_AVAILABILITY = YES_AGGRESSIVE;
				CLANG_WARN_UNREACHABLE_CODE = YES;
				CLANG_WARN__DUPLICATE_METHOD_MATCH = YES;
				COPY_PHASE_STRIP = NO;
				DEBUG_INFORMATION_FORMAT = dwarf;
				ENABLE_STRICT_OBJC_MSGSEND = YES;
				ENABLE_TESTABILITY = YES;
				ENABLE_USER_SCRIPT_SANDBOXING = YES;
				GCC_C_LANGUAGE_STANDARD = gnu17;
				GCC_DYNAMIC_NO_PIC = NO;
				GCC_NO_COMMON_BLOCKS = YES;
				GCC_OPTIMIZATION_LEVEL = 0;
				GCC_PREPROCESSOR_DEFINITIONS = (
					"DEBUG=1",
					"$(inherited)",
				);
				GCC_WARN_64_TO_32_BIT_CONVERSION = YES;
				GCC_WARN_ABOUT_RETURN_TYPE = YES_ERROR;
				GCC_WARN_UNDECLARED_SELECTOR = YES;
				GCC_WARN_UNINITIALIZED_AUTOS = YES_AGGRESSIVE;
				GCC_WARN_UNUSED_FUNCTION = YES;
				GCC_WARN_UNUSED_VARIABLE = YES;
				IPHONEOS_DEPLOYMENT_TARGET = 17.0;
				LOCALIZATION_PREFERS_STRING_CATALOGS = YES;
				MTL_ENABLE_DEBUG_INFO = INCLUDE_SOURCE;
				MTL_FAST_MATH = YES;
				ONLY_ACTIVE_ARCH = YES;
				SDKROOT = iphoneos;
				SWIFT_ACTIVE_COMPILATION_CONDITIONS = "DEBUG $(inherited)";
				SWIFT_OPTIMIZATION_LEVEL = "-Onone";
			};
			name = Debug;
		};
		A1234567890123456789025 /* Release */ = {
			isa = XCBuildConfiguration;
			buildSettings = {
				ALWAYS_SEARCH_USER_PATHS = NO;
				ASSETCATALOG_COMPILER_GENERATE_SWIFT_ASSET_SYMBOL_EXTENSIONS = YES;
				CLANG_ANALYZER_NONNULL = YES;
				CLANG_ANALYZER_NUMBER_OBJECT_CONVERSION = YES_AGGRESSIVE;
				CLANG_CXX_LANGUAGE_STANDARD = "gnu++20";
				CLANG_ENABLE_MODULES = YES;
				CLANG_ENABLE_OBJC_ARC = YES;
				CLANG_ENABLE_OBJC_WEAK = YES;
				CLANG_WARN_BLOCK_CAPTURE_AUTORELEASING = YES;
				CLANG_WARN_BOOL_CONVERSION = YES;
				CLANG_WARN_COMMA = YES;
				CLANG_WARN_CONSTANT_CONVERSION = YES;
				CLANG_WARN_DEPRECATED_OBJC_IMPLEMENTATIONS = YES;
				CLANG_WARN_DIRECT_OBJC_ISA_USAGE = YES_ERROR;
				CLANG_WARN_DOCUMENTATION_COMMENTS = YES;
				CLANG_WARN_EMPTY_BODY = YES;
				CLANG_WARN_ENUM_CONVERSION = YES;
				CLANG_WARN_INFINITE_RECURSION = YES;
				CLANG_WARN_INT_CONVERSION = YES;
				CLANG_WARN_NON_LITERAL_NULL_CONVERSION = YES;
				CLANG_WARN_OBJC_IMPLICIT_RETAIN_SELF = YES;
				CLANG_WARN_OBJC_LITERAL_CONVERSION = YES;
				CLANG_WARN_OBJC_ROOT_CLASS = YES_ERROR;
				CLANG_WARN_QUOTED_INCLUDE_IN_FRAMEWORK_HEADER = YES;
				CLANG_WARN_RANGE_LOOP_ANALYSIS = YES;
				CLANG_WARN_STRICT_PROTOTYPES = YES;
				CLANG_WARN_SUSPICIOUS_MOVE = YES;
				CLANG_WARN_UNGUARDED_AVAILABILITY = YES_AGGRESSIVE;
				CLANG_WARN_UNREACHABLE_CODE = YES;
				CLANG_WARN__DUPLICATE_METHOD_MATCH = YES;
				COPY_PHASE_STRIP = NO;
				DEBUG_INFORMATION_FORMAT = "dwarf-with-dsym";
				ENABLE_NS_ASSERTIONS = NO;
				ENABLE_STRICT_OBJC_MSGSEND = YES;
				ENABLE_USER_SCRIPT_SANDBOXING = YES;
				GCC_C_LANGUAGE_STANDARD = gnu17;
				GCC_NO_COMMON_BLOCKS = YES;
				GCC_WARN_64_TO_32_BIT_CONVERSION = YES;
				GCC_WARN_ABOUT_RETURN_TYPE = YES_ERROR;
				GCC_WARN_UNDECLARED_SELECTOR = YES;
				GCC_WARN_UNINITIALIZED_AUTOS = YES_AGGRESSIVE;
				GCC_WARN_UNUSED_FUNCTION = YES;
				GCC_WARN_UNUSED_VARIABLE = YES;
				IPHONEOS_DEPLOYMENT_TARGET = 17.0;
				LOCALIZATION_PREFERS_STRING_CATALOGS = YES;
				MTL_ENABLE_DEBUG_INFO = NO;
				MTL_FAST_MATH = YES;
				SDKROOT = iphoneos;
				SWIFT_COMPILATION_MODE = wholemodule;
				VALIDATE_PRODUCT = YES;
			};
			name = Release;
		};
		A1234567890123456789026 /* Debug */ = {
			isa = XCBuildConfiguration;
			buildSettings = {
				ASSETCATALOG_COMPILER_APPICON_NAME = AppIcon;
				ASSETCATALOG_COMPILER_GLOBAL_ACCENT_COLOR_NAME = AccentColor;
				CODE_SIGN_IDENTITY = "Apple Development";
				CODE_SIGN_STYLE = Automatic;
				CURRENT_PROJECT_VERSION = 1;
				DEVELOPMENT_ASSET_PATHS = "\"KidsScheduleApp/Preview Content\"";
				DEVELOPMENT_TEAM = DVG4XNU6Z9;
				ENABLE_PREVIEWS = YES;
				GENERATE_INFOPLIST_FILE = NO;
				INFOPLIST_FILE = KidsScheduleApp/Info.plist;
				INFOPLIST_KEY_UIApplicationSceneManifest_Generation = YES;
				INFOPLIST_KEY_UIApplicationSupportsIndirectInputEvents = YES;
				INFOPLIST_KEY_UILaunchScreen_Generation = YES;
				INFOPLIST_KEY_UISupportedInterfaceOrientations_iPad = "UIInterfaceOrientationPortrait UIInterfaceOrientationPortraitUpsideDown UIInterfaceOrientationLandscapeLeft UIInterfaceOrientationLandscapeRight";
				INFOPLIST_KEY_UISupportedInterfaceOrientations_iPhone = "UIInterfaceOrientationPortrait UIInterfaceOrientationLandscapeLeft UIInterfaceOrientationLandscapeRight";
				LD_RUNPATH_SEARCH_PATHS = (
					"$(inherited)",
					"@executable_path/Frameworks",
				);
				MARKETING_VERSION = 1.0;
				PRODUCT_BUNDLE_IDENTIFIER = com.jiangbin.KidsScheduleApp;
				PRODUCT_NAME = "$(TARGET_NAME)";
				PROVISIONING_PROFILE_SPECIFIER = "";
				SWIFT_EMIT_LOC_STRINGS = YES;
				SWIFT_VERSION = 5.0;
				TARGETED_DEVICE_FAMILY = "1,2";
			};
			name = Debug;
		};
		A1234567890123456789027 /* Release */ = {
			isa = XCBuildConfiguration;
			buildSettings = {
				ASSETCATALOG_COMPILER_APPICON_NAME = AppIcon;
				ASSETCATALOG_COMPILER_GLOBAL_ACCENT_COLOR_NAME = AccentColor;
				CODE_SIGN_IDENTITY = "Apple Development";
				CODE_SIGN_STYLE = Automatic;
				CURRENT_PROJECT_VERSION = 1;
				DEVELOPMENT_ASSET_PATHS = "\"KidsScheduleApp/Preview Content\"";
				DEVELOPMENT_TEAM = DVG4XNU6Z9;
				ENABLE_PREVIEWS = YES;
				GENERATE_INFOPLIST_FILE = NO;
				INFOPLIST_FILE = KidsScheduleApp/Info.plist;
				INFOPLIST_KEY_UIApplicationSceneManifest_Generation = YES;
				INFOPLIST_KEY_UIApplicationSupportsIndirectInputEvents = YES;
				INFOPLIST_KEY_UILaunchScreen_Generation = YES;
				INFOPLIST_KEY_UISupportedInterfaceOrientations_iPad = "UIInterfaceOrientationPortrait UIInterfaceOrientationPortraitUpsideDown UIInterfaceOrientationLandscapeLeft UIInterfaceOrientationLandscapeRight";
				INFOPLIST_KEY_UISupportedInterfaceOrientations_iPhone = "UIInterfaceOrientationPortrait UIInterfaceOrientationLandscapeLeft UIInterfaceOrientationLandscapeRight";
				LD_RUNPATH_SEARCH_PATHS = (
					"$(inherited)",
					"@executable_path/Frameworks",
				);
				MARKETING_VERSION = 1.0;
				PRODUCT_BUNDLE_IDENTIFIER = com.jiangbin.KidsScheduleApp;
				PRODUCT_NAME = "$(TARGET_NAME)";
				PROVISIONING_PROFILE_SPECIFIER = "";
				SWIFT_EMIT_LOC_STRINGS = YES;
				SWIFT_VERSION = 5.0;
				TARGETED_DEVICE_FAMILY = "1,2";
			};
			name = Release;
		};
/* End XCBuildConfiguration section */

/* Begin XCConfigurationList section */
		A1234567890123456789019 /* Build configuration list for PBXNativeTarget "KidsScheduleApp" */ = {
			isa = XCConfigurationList;
			buildConfigurations = (
				A1234567890123456789026 /* Debug */,
				A1234567890123456789027 /* Release */,
			);
			defaultConfigurationIsVisible = 0;
			defaultConfigurationName = Release;
		};
		A1234567890123456789023 /* Build configuration list for PBXProject "KidsScheduleApp" */ = {
			isa = XCConfigurationList;
			buildConfigurations = (
				A1234567890123456789024 /* Debug */,
				A1234567890123456789025 /* Release */,
			);
			defaultConfigurationIsVisible = 0;
			defaultConfigurationName = Release;
		};
/* End XCConfigurationList section */

/* Begin XCVersionGroup section */
		A1234567890123456789010 /* DataModel.xcdatamodeld */ = {
			isa = XCVersionGroup;
			children = (
				A1234567890123456789012 /* DataModel.xcdatamodel */,
			);
			currentVersion = A1234567890123456789012 /* DataModel.xcdatamodel */;
			path = DataModel.xcdatamodeld;
			sourceTree = "<group>";
			versionGroupType = wrapper.xcdatamodel;
		};
/* End XCVersionGroup section */
	};
	rootObject = A1234567890123456789022 /* Project object */;
}
